
Microsoft Visual Studio Solution File, Format Version 12.00
# Visual Studio Version 17
VisualStudioVersion = 17.1.32210.238
MinimumVisualStudioVersion = 10.0.40219.1
Project("{F184B08F-C81C-45F6-A57F-5ABD9991F28F}") = "NetBakery", "NetBakery\NetBakery.vbproj", "{9724BD24-D339-4E39-BBDC-DB8B352E1068}"
EndProject
Project("{F184B08F-C81C-45F6-A57F-5ABD9991F28F}") = "FileVCS", "FileVCS\FileVCS.vbproj", "{FD714691-44DD-42E1-889B-895234E7E40C}"
EndProject
Global
	GlobalSection(SolutionConfigurationPlatforms) = preSolution
		Debug|Any CPU = Debug|Any CPU
		Debug|x64 = Debug|x64
		Original|Any CPU = Original|Any CPU
		Original|x64 = Original|x64
		Release|Any CPU = Release|Any CPU
		Release|x64 = Release|x64
	EndGlobalSection
	GlobalSection(ProjectConfigurationPlatforms) = postSolution
		{9724BD24-D339-4E39-BBDC-DB8B352E1068}.Debug|Any CPU.ActiveCfg = Debug|x64
		{9724BD24-D339-4E39-BBDC-DB8B352E1068}.Debug|x64.ActiveCfg = Debug|x64
		{9724BD24-D339-4E39-BBDC-DB8B352E1068}.Debug|x64.Build.0 = Debug|x64
		{9724BD24-D339-4E39-BBDC-DB8B352E1068}.Original|Any CPU.ActiveCfg = Original|x64
		{9724BD24-D339-4E39-BBDC-DB8B352E1068}.Original|x64.ActiveCfg = Original|x64
		{9724BD24-D339-4E39-BBDC-DB8B352E1068}.Release|Any CPU.ActiveCfg = Release|x64
		{9724BD24-D339-4E39-BBDC-DB8B352E1068}.Release|x64.ActiveCfg = Release|x64
		{FD714691-44DD-42E1-889B-895234E7E40C}.Debug|Any CPU.ActiveCfg = Debug|x64
		{FD714691-44DD-42E1-889B-895234E7E40C}.Debug|x64.ActiveCfg = Debug|x64
		{FD714691-44DD-42E1-889B-895234E7E40C}.Debug|x64.Build.0 = Debug|x64
		{FD714691-44DD-42E1-889B-895234E7E40C}.Original|Any CPU.ActiveCfg = Debug|x64
		{FD714691-44DD-42E1-889B-895234E7E40C}.Original|x64.ActiveCfg = Debug|x64
		{FD714691-44DD-42E1-889B-895234E7E40C}.Release|Any CPU.ActiveCfg = Release|x64
		{FD714691-44DD-42E1-889B-895234E7E40C}.Release|x64.ActiveCfg = Release|x64
	EndGlobalSection
	GlobalSection(SolutionProperties) = preSolution
		HideSolutionNode = FALSE
	EndGlobalSection
	GlobalSection(ExtensibilityGlobals) = postSolution
		SolutionGuid = {56FDEBE6-298B-4C25-8852-6C216496B6BA}
	EndGlobalSection
EndGlobal
